
Microsoft Visual Studio Solution File, Format Version 12.00
# Visual Studio Version 17
VisualStudioVersion = 17.8.34511.84
MinimumVisualStudioVersion = 10.0.40219.1
Project("{FAE04EC0-301F-11D3-BF4B-00C04F79EFBC}") = "Contact Uart", "Contact Uart\Contact Uart.csproj", "{0A361C64-FAFA-44E3-9128-A18C01B414C6}"
EndProject
Global
	GlobalSection(SolutionConfigurationPlatforms) = preSolution
		Debug|Any CPU = Debug|Any CPU
		Release|Any CPU = Release|Any CPU
	EndGlobalSection
	GlobalSection(ProjectConfigurationPlatforms) = postSolution
		{0A361C64-FAFA-44E3-9128-A18C01B414C6}.Debug|Any CPU.ActiveCfg = Debug|Any CPU
		{0A361C64-FAFA-44E3-9128-A18C01B414C6}.Debug|Any CPU.Build.0 = Debug|Any CPU
		{0A361C64-FAFA-44E3-9128-A18C01B414C6}.Release|Any CPU.ActiveCfg = Release|Any CPU
		{0A361C64-FAFA-44E3-9128-A18C01B414C6}.Release|Any CPU.Build.0 = Release|Any CPU
	EndGlobalSection
	GlobalSection(SolutionProperties) = preSolution
		HideSolutionNode = FALSE
	EndGlobalSection
	GlobalSection(ExtensibilityGlobals) = postSolution
		SolutionGuid = {1C673E07-B406-4F42-9778-1F24DA6211BF}
	EndGlobalSection
EndGlobal
